
Microsoft Visual Studio Solution File, Format Version 12.00
# Visual Studio Version 17
VisualStudioVersion = 17.5.002.0
MinimumVisualStudioVersion = 10.0.40219.1
Project("{9A19103F-16F7-4668-BE54-9A1E7A4F7556}") = "WMS_app", "WMS_app.csproj", "{5881365B-A28B-451A-9B12-56A607BD34C1}"
EndProject
Global
	GlobalSection(SolutionConfigurationPlatforms) = preSolution
		Debug|Any CPU = Debug|Any CPU
		Release|Any CPU = Release|Any CPU
	EndGlobalSection
	GlobalSection(ProjectConfigurationPlatforms) = postSolution
		{5881365B-A28B-451A-9B12-56A607BD34C1}.Debug|Any CPU.ActiveCfg = Debug|Any CPU
		{5881365B-A28B-451A-9B12-56A607BD34C1}.Debug|Any CPU.Build.0 = Debug|Any CPU
		{5881365B-A28B-451A-9B12-56A607BD34C1}.Release|Any CPU.ActiveCfg = Release|Any CPU
		{5881365B-A28B-451A-9B12-56A607BD34C1}.Release|Any CPU.Build.0 = Release|Any CPU
	EndGlobalSection
	GlobalSection(SolutionProperties) = preSolution
		HideSolutionNode = FALSE
	EndGlobalSection
	GlobalSection(ExtensibilityGlobals) = postSolution
		SolutionGuid = {347C1F1B-0D98-4D11-B8C4-D2BC3DE27F15}
	EndGlobalSection
EndGlobal
